
Microsoft Visual Studio Solution File, Format Version 12.00
# Visual Studio Version 16
VisualStudioVersion = 16.0.31702.278
MinimumVisualStudioVersion = 10.0.40219.1
Project("{FAE04EC0-301F-11D3-BF4B-00C04F79EFBC}") = "Tuan4_PhamVanMinhNhat", "Tuan4_PhamVanMinhNhat\Tuan4_PhamVanMinhNhat.csproj", "{66DCB7D1-04BB-4FEA-A629-F68231BEB4A1}"
EndProject
Global
	GlobalSection(SolutionConfigurationPlatforms) = preSolution
		Debug|Any CPU = Debug|Any CPU
		Release|Any CPU = Release|Any CPU
	EndGlobalSection
	GlobalSection(ProjectConfigurationPlatforms) = postSolution
		{66DCB7D1-04BB-4FEA-A629-F68231BEB4A1}.Debug|Any CPU.ActiveCfg = Debug|Any CPU
		{66DCB7D1-04BB-4FEA-A629-F68231BEB4A1}.Debug|Any CPU.Build.0 = Debug|Any CPU
		{66DCB7D1-04BB-4FEA-A629-F68231BEB4A1}.Release|Any CPU.ActiveCfg = Release|Any CPU
		{66DCB7D1-04BB-4FEA-A629-F68231BEB4A1}.Release|Any CPU.Build.0 = Release|Any CPU
	EndGlobalSection
	GlobalSection(SolutionProperties) = preSolution
		HideSolutionNode = FALSE
	EndGlobalSection
	GlobalSection(ExtensibilityGlobals) = postSolution
		SolutionGuid = {F95146FF-0C9F-42EC-A76B-48B2FD21FF44}
	EndGlobalSection
EndGlobal
